
Microsoft Visual Studio Solution File, Format Version 12.00
# Visual Studio Version 16
VisualStudioVersion = 16.0.30711.63
MinimumVisualStudioVersion = 10.0.40219.1
Project("{FAE04EC0-301F-11D3-BF4B-00C04F79EFBC}") = "GaziKazanMyo.Ntp2.Sevda.SinekAvlamaApp", "GaziKazanMyo.Ntp2.Sevda.SinekAvlamaApp\GaziKazanMyo.Ntp2.Sevda.SinekAvlamaApp.csproj", "{35C2AF41-52BB-4536-A1F0-7F4637DF00D8}"
EndProject
Global
	GlobalSection(SolutionConfigurationPlatforms) = preSolution
		Debug|Any CPU = Debug|Any CPU
		Release|Any CPU = Release|Any CPU
	EndGlobalSection
	GlobalSection(ProjectConfigurationPlatforms) = postSolution
		{35C2AF41-52BB-4536-A1F0-7F4637DF00D8}.Debug|Any CPU.ActiveCfg = Debug|Any CPU
		{35C2AF41-52BB-4536-A1F0-7F4637DF00D8}.Debug|Any CPU.Build.0 = Debug|Any CPU
		{35C2AF41-52BB-4536-A1F0-7F4637DF00D8}.Release|Any CPU.ActiveCfg = Release|Any CPU
		{35C2AF41-52BB-4536-A1F0-7F4637DF00D8}.Release|Any CPU.Build.0 = Release|Any CPU
	EndGlobalSection
	GlobalSection(SolutionProperties) = preSolution
		HideSolutionNode = FALSE
	EndGlobalSection
	GlobalSection(ExtensibilityGlobals) = postSolution
		SolutionGuid = {A3207C43-AEB2-47BD-979C-A154233FC771}
	EndGlobalSection
EndGlobal
